{"format_version":"1.2","terraform_version":"1.12.2","variables":{"billing_account":{"value":"01E1FD-247F78-E400C4"},"boot_image":{"value":"projects/ubuntu-os-cloud/global/images/ubuntu-minimal-2504-plucky-amd64-v20250828"},"disk_size_gb":{"value":"10"},"disk_type":{"value":"pd-balanced"},"e2_name":{"value":"e2-sandbox"},"enable_apis":{"value":["compute.googleapis.com","iam.googleapis.com","logging.googleapis.com","monitoring.googleapis.com"]},"iam_bindings":{"value":[{"member":"user:schhin@gmail.com","role":"roles/viewer"},{"member":"user:schhin@gmail.com","role":"roles/storage.admin"}]},"labels":{"value":{"env":"sandbox","owner":"cloud-team"}},"machine_type":{"value":"e2-medium"},"org_id":{"value":"664851828266"},"project_id":{"value":"integral-league-470114-n3"},"project_name":{"value":"My First Project"},"region":{"value":"us-east4"},"storage_buckets":{"value":[{"location":"US","name":"pde-exam-bucket-1"}]},"subnet_cidrs":{"value":{"primary":"10.10.0.0/24"}},"subnets":{"value":[{"cidr":"10.0.0.0/20","name":"sandbox-use1","region":"us-east4"}]},"subnetwork":{"value":"default"},"tags":{"value":["http-server","https-server"]},"vpc_name":{"value":"vpc-sandbox"},"workload_sa_email":{"value":""},"zone":{"value":"us-east4-c"}},"planned_values":{"outputs":{"external_ip":{"sensitive":false},"instance_name":{"sensitive":false,"type":"string","value":"e2-sandbox"},"storage_bucket_names":{"sensitive":false,"type":["tuple",["string"]],"value":["pde-exam-bucket-1"]},"subnet_ids":{"sensitive":false},"vpc_id":{"sensitive":false}},"root_module":{"child_modules":[{"resources":[{"address":"module.compute.google_compute_instance.vm","mode":"managed","type":"google_compute_instance","name":"vm","provider_name":"registry.terraform.io/hashicorp/google","schema_version":6,"values":{"advanced_machine_features":[],"allow_stopping_for_update":null,"attached_disk":[],"boot_disk":[{"auto_delete":true,"disk_encryption_key_raw":null,"disk_encryption_key_rsa":null,"disk_encryption_service_account":null,"force_attach":null,"initialize_params":[{"enable_confidential_compute":null,"image":"projects/ubuntu-os-cloud/global/images/ubuntu-minimal-2504-plucky-amd64-v20250828","resource_manager_tags":null,"size":10,"source_image_encryption_key":[],"source_snapshot_encryption_key":[],"storage_pool":null,"type":"pd-balanced"}],"interface":null,"mode":"READ_WRITE"}],"can_ip_forward":false,"deletion_protection":false,"description":null,"desired_status":null,"effective_labels":{"goog-ec-src":"vm_add-tf","goog-terraform-provisioned":"true","owner":"sey","purpose":"lab","ttl":"24h"},"enable_display":false,"hostname":null,"instance_encryption_key":[],"key_revocation_action_type":null,"labels":{"goog-ec-src":"vm_add-tf","owner":"sey","purpose":"lab","ttl":"24h"},"machine_type":"e2-medium","metadata":null,"metadata_startup_script":null,"name":"e2-sandbox","network_interface":[{"access_config":[{"network_tier":"STANDARD","public_ptr_domain_name":null}],"alias_ip_range":[],"ipv6_access_config":[],"network":"vpc-sandbox","nic_type":null,"queue_count":null,"stack_type":"IPV4_ONLY"}],"network_performance_config":[],"params":[],"project":"integral-league-470114-n3","resource_policies":null,"scheduling":[{"automatic_restart":true,"availability_domain":null,"instance_termination_action":null,"local_ssd_recovery_timeout":[],"max_run_duration":[],"min_node_cpus":null,"node_affinities":[],"on_host_maintenance":"MIGRATE","on_instance_stop_action":[],"preemptible":false,"provisioning_model":"STANDARD","termination_time":null}],"scratch_disk":[],"service_account":[{"email":"664851828266-compute@developer.gserviceaccount.com","scopes":["https://www.googleapis.com/auth/cloud-platform"]}],"shielded_instance_config":[{"enable_integrity_monitoring":true,"enable_secure_boot":false,"enable_vtpm":true}],"tags":["http-server","https-server"],"terraform_labels":{"goog-ec-src":"vm_add-tf","goog-terraform-provisioned":"true","owner":"sey","purpose":"lab","ttl":"24h"},"timeouts":null,"zone":"us-east4-c"},"sensitive_values":{"advanced_machine_features":[],"attached_disk":[],"boot_disk":[{"disk_encryption_key_raw":true,"disk_encryption_key_rsa":true,"guest_os_features":[],"initialize_params":[{"labels":{},"resource_policies":[],"source_image_encryption_key":[],"source_snapshot_encryption_key":[]}]}],"confidential_instance_config":[],"effective_labels":{},"guest_accelerator":[],"instance_encryption_key":[],"labels":{},"network_interface":[{"access_config":[{}],"alias_ip_range":[],"ipv6_access_config":[]}],"network_performance_config":[],"params":[],"reservation_affinity":[],"scheduling":[{"local_ssd_recovery_timeout":[],"max_run_duration":[],"node_affinities":[],"on_instance_stop_action":[]}],"scratch_disk":[],"service_account":[{"scopes":[false]}],"shielded_instance_config":[{}],"tags":[false,false],"terraform_labels":{}}}],"address":"module.compute"},{"resources":[{"address":"module.iam.google_project_iam_member.bindings[\"roles/storage.admin-user:schhin@gmail.com\"]","mode":"managed","type":"google_project_iam_member","name":"bindings","index":"roles/storage.admin-user:schhin@gmail.com","provider_name":"registry.terraform.io/hashicorp/google","schema_version":0,"values":{"condition":[],"member":"user:schhin@gmail.com","project":"integral-league-470114-n3","role":"roles/storage.admin"},"sensitive_values":{"condition":[]}},{"address":"module.iam.google_project_iam_member.bindings[\"roles/viewer-user:schhin@gmail.com\"]","mode":"managed","type":"google_project_iam_member","name":"bindings","index":"roles/viewer-user:schhin@gmail.com","provider_name":"registry.terraform.io/hashicorp/google","schema_version":0,"values":{"condition":[],"member":"user:schhin@gmail.com","project":"integral-league-470114-n3","role":"roles/viewer"},"sensitive_values":{"condition":[]}}],"address":"module.iam"},{"resources":[{"address":"module.networking.google_compute_firewall.allow_http","mode":"managed","type":"google_compute_firewall","name":"allow_http","provider_name":"registry.terraform.io/hashicorp/google","schema_version":1,"values":{"allow":[{"ports":["80"],"protocol":"tcp"}],"deny":[],"description":null,"direction":"INGRESS","disabled":null,"log_config":[],"name":"vpc-sandbox-allow-http","network":"vpc-sandbox","params":[],"priority":1000,"project":"integral-league-470114-n3","source_ranges":["0.0.0.0/0"],"source_service_accounts":null,"source_tags":null,"target_service_accounts":null,"target_tags":["http-server"],"timeouts":null},"sensitive_values":{"allow":[{"ports":[false]}],"deny":[],"destination_ranges":[],"log_config":[],"params":[],"source_ranges":[false],"target_tags":[false]}},{"address":"module.networking.google_compute_firewall.allow_https","mode":"managed","type":"google_compute_firewall","name":"allow_https","provider_name":"registry.terraform.io/hashicorp/google","schema_version":1,"values":{"allow":[{"ports":["443"],"protocol":"tcp"}],"deny":[],"description":null,"direction":"INGRESS","disabled":null,"log_config":[],"name":"vpc-sandbox-allow-https","network":"vpc-sandbox","params":[],"priority":1000,"project":"integral-league-470114-n3","source_ranges":["0.0.0.0/0"],"source_service_accounts":null,"source_tags":null,"target_service_accounts":null,"target_tags":["https-server"],"timeouts":null},"sensitive_values":{"allow":[{"ports":[false]}],"deny":[],"destination_ranges":[],"log_config":[],"params":[],"source_ranges":[false],"target_tags":[false]}},{"address":"module.networking.google_compute_network.vpc","mode":"managed","type":"google_compute_network","name":"vpc","provider_name":"registry.terraform.io/hashicorp/google","schema_version":0,"values":{"auto_create_subnetworks":false,"delete_default_routes_on_create":false,"description":null,"enable_ula_internal_ipv6":null,"name":"vpc-sandbox","network_firewall_policy_enforcement_order":"AFTER_CLASSIC_FIREWALL","network_profile":null,"params":[],"project":"integral-league-470114-n3","timeouts":null},"sensitive_values":{"params":[]}},{"address":"module.networking.google_compute_subnetwork.subs[\"primary\"]","mode":"managed","type":"google_compute_subnetwork","name":"subs","index":"primary","provider_name":"registry.terraform.io/hashicorp/google","schema_version":0,"values":{"description":null,"ip_cidr_range":"10.10.0.0/24","ip_collection":null,"ipv6_access_type":null,"log_config":[],"name":"vpc-sandbox-primary","params":[],"private_ip_google_access":true,"project":"integral-league-470114-n3","purpose":"PRIVATE","region":"us-east4","reserved_internal_range":null,"role":null,"send_secondary_ip_range_if_empty":null,"stack_type":"IPV4_ONLY","timeouts":null},"sensitive_values":{"log_config":[],"params":[],"secondary_ip_range":[]}}],"address":"module.networking"},{"resources":[{"address":"module.storage.google_storage_bucket.bucket[\"pde-exam-bucket-1\"]","mode":"managed","type":"google_storage_bucket","name":"bucket","index":"pde-exam-bucket-1","provider_name":"registry.terraform.io/hashicorp/google","schema_version":4,"values":{"autoclass":[],"cors":[],"custom_placement_config":[],"default_event_based_hold":null,"effective_labels":{"goog-terraform-provisioned":"true"},"enable_object_retention":null,"encryption":[],"force_destroy":false,"hierarchical_namespace":[],"ip_filter":[],"labels":null,"lifecycle_rule":[],"location":"US","logging":[],"name":"pde-exam-bucket-1","project":"integral-league-470114-n3","requester_pays":null,"retention_policy":[],"storage_class":"STANDARD","terraform_labels":{"goog-terraform-provisioned":"true"},"timeouts":null,"uniform_bucket_level_access":true,"versioning":[{"enabled":false}]},"sensitive_values":{"autoclass":[],"cors":[],"custom_placement_config":[],"effective_labels":{},"encryption":[],"hierarchical_namespace":[],"ip_filter":[],"lifecycle_rule":[],"logging":[],"retention_policy":[],"soft_delete_policy":[],"terraform_labels":{},"versioning":[{}],"website":[]}}],"address":"module.storage"}]}},"resource_changes":[{"address":"module.compute.google_compute_instance.vm","module_address":"module.compute","mode":"managed","type":"google_compute_instance","name":"vm","provider_name":"registry.terraform.io/hashicorp/google","change":{"actions":["create"],"before":null,"after":{"advanced_machine_features":[],"allow_stopping_for_update":null,"attached_disk":[],"boot_disk":[{"auto_delete":true,"disk_encryption_key_raw":null,"disk_encryption_key_rsa":null,"disk_encryption_service_account":null,"force_attach":null,"initialize_params":[{"enable_confidential_compute":null,"image":"projects/ubuntu-os-cloud/global/images/ubuntu-minimal-2504-plucky-amd64-v20250828","resource_manager_tags":null,"size":10,"source_image_encryption_key":[],"source_snapshot_encryption_key":[],"storage_pool":null,"type":"pd-balanced"}],"interface":null,"mode":"READ_WRITE"}],"can_ip_forward":false,"deletion_protection":false,"description":null,"desired_status":null,"effective_labels":{"goog-ec-src":"vm_add-tf","goog-terraform-provisioned":"true","owner":"sey","purpose":"lab","ttl":"24h"},"enable_display":false,"hostname":null,"instance_encryption_key":[],"key_revocation_action_type":null,"labels":{"goog-ec-src":"vm_add-tf","owner":"sey","purpose":"lab","ttl":"24h"},"machine_type":"e2-medium","metadata":null,"metadata_startup_script":null,"name":"e2-sandbox","network_interface":[{"access_config":[{"network_tier":"STANDARD","public_ptr_domain_name":null}],"alias_ip_range":[],"ipv6_access_config":[],"network":"vpc-sandbox","nic_type":null,"queue_count":null,"stack_type":"IPV4_ONLY"}],"network_performance_config":[],"params":[],"project":"integral-league-470114-n3","resource_policies":null,"scheduling":[{"automatic_restart":true,"availability_domain":null,"instance_termination_action":null,"local_ssd_recovery_timeout":[],"max_run_duration":[],"min_node_cpus":null,"node_affinities":[],"on_host_maintenance":"MIGRATE","on_instance_stop_action":[],"preemptible":false,"provisioning_model":"STANDARD","termination_time":null}],"scratch_disk":[],"service_account":[{"email":"664851828266-compute@developer.gserviceaccount.com","scopes":["https://www.googleapis.com/auth/cloud-platform"]}],"shielded_instance_config":[{"enable_integrity_monitoring":true,"enable_secure_boot":false,"enable_vtpm":true}],"tags":["http-server","https-server"],"terraform_labels":{"goog-ec-src":"vm_add-tf","goog-terraform-provisioned":"true","owner":"sey","purpose":"lab","ttl":"24h"},"timeouts":null,"zone":"us-east4-c"},"after_unknown":{"advanced_machine_features":[],"attached_disk":[],"boot_disk":[{"device_name":true,"disk_encryption_key_sha256":true,"guest_os_features":true,"initialize_params":[{"architecture":true,"labels":true,"provisioned_iops":true,"provisioned_throughput":true,"resource_policies":true,"snapshot":true,"source_image_encryption_key":[],"source_snapshot_encryption_key":[]}],"kms_key_self_link":true,"source":true}],"confidential_instance_config":true,"cpu_platform":true,"creation_timestamp":true,"current_status":true,"effective_labels":{},"guest_accelerator":true,"id":true,"instance_encryption_key":[],"instance_id":true,"label_fingerprint":true,"labels":{},"metadata_fingerprint":true,"min_cpu_platform":true,"network_interface":[{"access_config":[{"nat_ip":true}],"alias_ip_range":[],"internal_ipv6_prefix_length":true,"ipv6_access_config":[],"ipv6_access_type":true,"ipv6_address":true,"name":true,"network_attachment":true,"network_ip":true,"subnetwork":true,"subnetwork_project":true}],"network_performance_config":[],"params":[],"reservation_affinity":true,"scheduling":[{"local_ssd_recovery_timeout":[],"max_run_duration":[],"node_affinities":[],"on_instance_stop_action":[]}],"scratch_disk":[],"self_link":true,"service_account":[{"scopes":[false]}],"shielded_instance_config":[{}],"tags":[false,false],"tags_fingerprint":true,"terraform_labels":{}},"before_sensitive":false,"after_sensitive":{"advanced_machine_features":[],"attached_disk":[],"boot_disk":[{"disk_encryption_key_raw":true,"disk_encryption_key_rsa":true,"guest_os_features":[],"initialize_params":[{"labels":{},"resource_policies":[],"source_image_encryption_key":[],"source_snapshot_encryption_key":[]}]}],"confidential_instance_config":[],"effective_labels":{},"guest_accelerator":[],"instance_encryption_key":[],"labels":{},"network_interface":[{"access_config":[{}],"alias_ip_range":[],"ipv6_access_config":[]}],"network_performance_config":[],"params":[],"reservation_affinity":[],"scheduling":[{"local_ssd_recovery_timeout":[],"max_run_duration":[],"node_affinities":[],"on_instance_stop_action":[]}],"scratch_disk":[],"service_account":[{"scopes":[false]}],"shielded_instance_config":[{}],"tags":[false,false],"terraform_labels":{}}}},{"address":"module.iam.google_project_iam_member.bindings[\"roles/storage.admin-user:schhin@gmail.com\"]","module_address":"module.iam","mode":"managed","type":"google_project_iam_member","name":"bindings","index":"roles/storage.admin-user:schhin@gmail.com","provider_name":"registry.terraform.io/hashicorp/google","change":{"actions":["create"],"before":null,"after":{"condition":[],"member":"user:schhin@gmail.com","project":"integral-league-470114-n3","role":"roles/storage.admin"},"after_unknown":{"condition":[],"etag":true,"id":true},"before_sensitive":false,"after_sensitive":{"condition":[]}}},{"address":"module.iam.google_project_iam_member.bindings[\"roles/viewer-user:schhin@gmail.com\"]","module_address":"module.iam","mode":"managed","type":"google_project_iam_member","name":"bindings","index":"roles/viewer-user:schhin@gmail.com","provider_name":"registry.terraform.io/hashicorp/google","change":{"actions":["create"],"before":null,"after":{"condition":[],"member":"user:schhin@gmail.com","project":"integral-league-470114-n3","role":"roles/viewer"},"after_unknown":{"condition":[],"etag":true,"id":true},"before_sensitive":false,"after_sensitive":{"condition":[]}}},{"address":"module.networking.google_compute_firewall.allow_http","module_address":"module.networking","mode":"managed","type":"google_compute_firewall","name":"allow_http","provider_name":"registry.terraform.io/hashicorp/google","change":{"actions":["create"],"before":null,"after":{"allow":[{"ports":["80"],"protocol":"tcp"}],"deny":[],"description":null,"direction":"INGRESS","disabled":null,"log_config":[],"name":"vpc-sandbox-allow-http","network":"vpc-sandbox","params":[],"priority":1000,"project":"integral-league-470114-n3","source_ranges":["0.0.0.0/0"],"source_service_accounts":null,"source_tags":null,"target_service_accounts":null,"target_tags":["http-server"],"timeouts":null},"after_unknown":{"allow":[{"ports":[false]}],"creation_timestamp":true,"deny":[],"destination_ranges":true,"enable_logging":true,"id":true,"log_config":[],"params":[],"self_link":true,"source_ranges":[false],"target_tags":[false]},"before_sensitive":false,"after_sensitive":{"allow":[{"ports":[false]}],"deny":[],"destination_ranges":[],"log_config":[],"params":[],"source_ranges":[false],"target_tags":[false]}}},{"address":"module.networking.google_compute_firewall.allow_https","module_address":"module.networking","mode":"managed","type":"google_compute_firewall","name":"allow_https","provider_name":"registry.terraform.io/hashicorp/google","change":{"actions":["create"],"before":null,"after":{"allow":[{"ports":["443"],"protocol":"tcp"}],"deny":[],"description":null,"direction":"INGRESS","disabled":null,"log_config":[],"name":"vpc-sandbox-allow-https","network":"vpc-sandbox","params":[],"priority":1000,"project":"integral-league-470114-n3","source_ranges":["0.0.0.0/0"],"source_service_accounts":null,"source_tags":null,"target_service_accounts":null,"target_tags":["https-server"],"timeouts":null},"after_unknown":{"allow":[{"ports":[false]}],"creation_timestamp":true,"deny":[],"destination_ranges":true,"enable_logging":true,"id":true,"log_config":[],"params":[],"self_link":true,"source_ranges":[false],"target_tags":[false]},"before_sensitive":false,"after_sensitive":{"allow":[{"ports":[false]}],"deny":[],"destination_ranges":[],"log_config":[],"params":[],"source_ranges":[false],"target_tags":[false]}}},{"address":"module.networking.google_compute_network.vpc","module_address":"module.networking","mode":"managed","type":"google_compute_network","name":"vpc","provider_name":"registry.terraform.io/hashicorp/google","change":{"actions":["create"],"before":null,"after":{"auto_create_subnetworks":false,"delete_default_routes_on_create":false,"description":null,"enable_ula_internal_ipv6":null,"name":"vpc-sandbox","network_firewall_policy_enforcement_order":"AFTER_CLASSIC_FIREWALL","network_profile":null,"params":[],"project":"integral-league-470114-n3","timeouts":null},"after_unknown":{"bgp_always_compare_med":true,"bgp_best_path_selection_mode":true,"bgp_inter_region_cost":true,"gateway_ipv4":true,"id":true,"internal_ipv6_range":true,"mtu":true,"network_id":true,"numeric_id":true,"params":[],"routing_mode":true,"self_link":true},"before_sensitive":false,"after_sensitive":{"params":[]}}},{"address":"module.networking.google_compute_subnetwork.subs[\"primary\"]","module_address":"module.networking","mode":"managed","type":"google_compute_subnetwork","name":"subs","index":"primary","provider_name":"registry.terraform.io/hashicorp/google","change":{"actions":["create"],"before":null,"after":{"description":null,"ip_cidr_range":"10.10.0.0/24","ip_collection":null,"ipv6_access_type":null,"log_config":[],"name":"vpc-sandbox-primary","params":[],"private_ip_google_access":true,"project":"integral-league-470114-n3","purpose":"PRIVATE","region":"us-east4","reserved_internal_range":null,"role":null,"send_secondary_ip_range_if_empty":null,"stack_type":"IPV4_ONLY","timeouts":null},"after_unknown":{"creation_timestamp":true,"external_ipv6_prefix":true,"fingerprint":true,"gateway_address":true,"id":true,"internal_ipv6_prefix":true,"ipv6_cidr_range":true,"ipv6_gce_endpoint":true,"log_config":[],"network":true,"params":[],"private_ipv6_google_access":true,"secondary_ip_range":true,"self_link":true,"state":true,"subnetwork_id":true},"before_sensitive":false,"after_sensitive":{"log_config":[],"params":[],"secondary_ip_range":[]}}},{"address":"module.storage.google_storage_bucket.bucket[\"pde-exam-bucket-1\"]","module_address":"module.storage","mode":"managed","type":"google_storage_bucket","name":"bucket","index":"pde-exam-bucket-1","provider_name":"registry.terraform.io/hashicorp/google","change":{"actions":["create"],"before":null,"after":{"autoclass":[],"cors":[],"custom_placement_config":[],"default_event_based_hold":null,"effective_labels":{"goog-terraform-provisioned":"true"},"enable_object_retention":null,"encryption":[],"force_destroy":false,"hierarchical_namespace":[],"ip_filter":[],"labels":null,"lifecycle_rule":[],"location":"US","logging":[],"name":"pde-exam-bucket-1","project":"integral-league-470114-n3","requester_pays":null,"retention_policy":[],"storage_class":"STANDARD","terraform_labels":{"goog-terraform-provisioned":"true"},"timeouts":null,"uniform_bucket_level_access":true,"versioning":[{"enabled":false}]},"after_unknown":{"autoclass":[],"cors":[],"custom_placement_config":[],"effective_labels":{},"encryption":[],"hierarchical_namespace":[],"id":true,"ip_filter":[],"lifecycle_rule":[],"logging":[],"project_number":true,"public_access_prevention":true,"retention_policy":[],"rpo":true,"self_link":true,"soft_delete_policy":true,"terraform_labels":{},"time_created":true,"updated":true,"url":true,"versioning":[{}],"website":true},"before_sensitive":false,"after_sensitive":{"autoclass":[],"cors":[],"custom_placement_config":[],"effective_labels":{},"encryption":[],"hierarchical_namespace":[],"ip_filter":[],"lifecycle_rule":[],"logging":[],"retention_policy":[],"soft_delete_policy":[],"terraform_labels":{},"versioning":[{}],"website":[]}}}],"output_changes":{"external_ip":{"actions":["create"],"before":null,"after_unknown":true,"before_sensitive":false,"after_sensitive":false},"instance_name":{"actions":["create"],"before":null,"after":"e2-sandbox","after_unknown":false,"before_sensitive":false,"after_sensitive":false},"storage_bucket_names":{"actions":["create"],"before":null,"after":["pde-exam-bucket-1"],"after_unknown":false,"before_sensitive":false,"after_sensitive":false},"subnet_ids":{"actions":["create"],"before":null,"after":[null],"after_unknown":[true],"before_sensitive":false,"after_sensitive":false},"vpc_id":{"actions":["create"],"before":null,"after_unknown":true,"before_sensitive":false,"after_sensitive":false}},"prior_state":{"format_version":"1.0","terraform_version":"1.12.2","values":{"outputs":{"instance_name":{"sensitive":false,"value":"e2-sandbox","type":"string"},"storage_bucket_names":{"sensitive":false,"value":["pde-exam-bucket-1"],"type":["tuple",["string"]]}},"root_module":{"child_modules":[{"resources":[{"address":"module.compute.data.google_project.this","mode":"data","type":"google_project","name":"this","provider_name":"registry.terraform.io/hashicorp/google","schema_version":0,"values":{"auto_create_network":null,"billing_account":"01E1FD-247F78-E400C4","deletion_policy":"PREVENT","effective_labels":{},"folder_id":null,"id":"projects/integral-league-470114-n3","labels":{},"name":"My First Project","number":"664851828266","org_id":null,"project_id":"integral-league-470114-n3","tags":null,"terraform_labels":{}},"sensitive_values":{"effective_labels":{},"labels":{},"terraform_labels":{}}}],"address":"module.compute"}]}}},"configuration":{"provider_config":{"google":{"name":"google","full_name":"registry.terraform.io/hashicorp/google","expressions":{"project":{"references":["var.project_id"]},"region":{"references":["var.region"]},"zone":{"references":["var.zone"]}}}},"root_module":{"outputs":{"external_ip":{"expression":{"references":["module.compute.external_ip","module.compute"]}},"instance_name":{"expression":{"references":["module.compute.instance_name","module.compute"]}},"storage_bucket_names":{"expression":{"references":["var.storage_buckets"]},"description":"List of storage bucket names"},"subnet_ids":{"expression":{"references":["var.subnets","module.networking.vpc_id","module.networking"]},"description":"List of subnet IDs created in this environment"},"vpc_id":{"expression":{"references":["module.networking.vpc_id","module.networking"]},"description":"VPC network ID"}},"module_calls":{"compute":{"source":"../../modules/compute","expressions":{"boot_image":{"references":["var.boot_image"]},"disk_size_gb":{"references":["var.disk_size_gb"]},"disk_type":{"references":["var.disk_type"]},"e2_name":{"references":["var.e2_name"]},"machine_type":{"references":["var.machine_type"]},"project_id":{"references":["var.project_id"]},"subnetwork":{"references":["module.networking.subnet_self_links[\"primary\"]","module.networking.subnet_self_links","module.networking"]},"tags":{"constant_value":["http-server","https-server"]},"vpc_name":{"references":["var.vpc_name"]},"zone":{"references":["var.zone"]}},"module":{"outputs":{"external_ip":{"expression":{"references":["google_compute_instance.vm.network_interface[0].access_config[0].nat_ip","google_compute_instance.vm.network_interface[0].access_config[0]","google_compute_instance.vm.network_interface[0].access_config","google_compute_instance.vm.network_interface[0]","google_compute_instance.vm.network_interface","google_compute_instance.vm"]}},"instance_name":{"expression":{"references":["google_compute_instance.vm.name","google_compute_instance.vm"]}}},"resources":[{"address":"google_compute_instance.vm","mode":"managed","type":"google_compute_instance","name":"vm","provider_config_key":"google","expressions":{"boot_disk":[{"initialize_params":[{"image":{"references":["var.boot_image"]},"size":{"references":["var.disk_size_gb"]},"type":{"references":["var.disk_type"]}}]}],"enable_display":{"references":["var.enable_display"]},"labels":{"references":["var.labels"]},"machine_type":{"references":["var.machine_type"]},"name":{"references":["var.e2_name"]},"network_interface":[{"access_config":[{"network_tier":{"references":["var.network_tier"]}}],"network":{"references":["var.vpc_name"]},"stack_type":{"references":["var.stack_type"]},"subnetwork":{"references":["var.subnetwork"]}}],"project":{"references":["var.project_id"]},"scheduling":[{"automatic_restart":{"references":["var.automatic_restart"]},"on_host_maintenance":{"references":["var.on_host_maintenance"]},"preemptible":{"references":["var.preemptible"]},"provisioning_model":{"references":["var.provisioning_model"]}}],"service_account":[{"email":{"references":["local.vm_sa_email"]},"scopes":{"references":["var.scopes"]}}],"shielded_instance_config":[{"enable_integrity_monitoring":{"references":["var.shield_enable_integrity_monitoring"]},"enable_secure_boot":{"references":["var.shield_enable_secure_boot"]},"enable_vtpm":{"references":["var.shield_enable_vtpm"]}}],"tags":{"references":["var.tags"]},"zone":{"references":["var.zone"]}},"schema_version":6},{"address":"data.google_project.this","mode":"data","type":"google_project","name":"this","provider_config_key":"google","expressions":{"project_id":{"references":["var.project_id"]}},"schema_version":0}],"variables":{"automatic_restart":{"default":true,"description":"Scheduling: automatic restart"},"boot_image":{},"disk_size_gb":{"default":10},"disk_type":{"default":"pd-balanced"},"e2_name":{},"enable_display":{"default":false,"description":"Enable display device"},"labels":{"default":{"goog-ec-src":"vm_add-tf","owner":"sey","purpose":"lab","ttl":"24h"},"description":"Labels applied to networking resources"},"machine_type":{},"nat_logging":{"default":"ERRORS_ONLY","description":"Cloud NAT logging filter: NONE | ERRORS_ONLY | ALL"},"network_tier":{"default":"STANDARD","description":"Network tier for external access_config"},"on_host_maintenance":{"default":"MIGRATE","description":"Scheduling: MIGRATE or TERMINATE"},"preemptible":{"default":false,"description":"Use preemptible VMs"},"project_id":{},"provisioning_model":{"default":"STANDARD","description":"STANDARD or SPOT"},"scopes":{"default":["https://www.googleapis.com/auth/cloud-platform"]},"service_account_email":{"default":null,"description":"Service account email for the VM. If null, use the project's default Compute Engine SA."},"shield_enable_integrity_monitoring":{"default":true},"shield_enable_secure_boot":{"default":false},"shield_enable_vtpm":{"default":true},"stack_type":{"default":"IPV4_ONLY","description":"Network stack type for the NIC"},"subnetwork":{"description":"Subnetwork (name or self_link) for the VM NIC"},"tags":{"default":[]},"vpc_name":{},"zone":{}}}},"iam":{"source":"../../modules/iam","expressions":{"bindings":{"constant_value":[{"member":"user:schhin@gmail.com","role":"roles/storage.admin"},{"member":"user:schhin@gmail.com","role":"roles/viewer"}]},"project_id":{"references":["var.project_id"]}},"module":{"resources":[{"address":"google_project_iam_member.bindings","mode":"managed","type":"google_project_iam_member","name":"bindings","provider_config_key":"google","expressions":{"member":{"references":["each.value.member","each.value"]},"project":{"references":["var.project_id"]},"role":{"references":["each.value.role","each.value"]}},"schema_version":0,"for_each_expression":{"references":["local.bindings_flat"]}}],"variables":{"bindings":{"description":"Either list of { role, member } or list of { role, members=[...] }"},"labels":{"default":{"owner":"sey","purpose":"lab","ttl":"24h"},"description":"Labels applied to networking resources"},"nat_logging":{"default":"ERRORS_ONLY","description":"Cloud NAT logging filter: NONE | ERRORS_ONLY | ALL"},"project_id":{}}}},"networking":{"source":"../../modules/networking","expressions":{"network_name":{"references":["var.vpc_name"]},"project_id":{"references":["var.project_id"]},"region":{"references":["var.region"]},"subnet_cidrs":{"references":["var.subnet_cidrs"]},"subnets":{"references":["var.subnets"]},"vpc_name":{"references":["var.vpc_name"]}},"module":{"outputs":{"subnet_ids":{"expression":{"references":["google_compute_subnetwork.subs"]},"description":"Map of subnet name =\u003e resource ID"},"subnet_self_links":{"expression":{"references":["google_compute_subnetwork.subs"]},"description":"Map of subnet name =\u003e self link"},"vpc_id":{"expression":{"references":["google_compute_network.vpc.id","google_compute_network.vpc"]},"description":"Resource ID of the VPC network"},"vpc_self_link":{"expression":{"references":["google_compute_network.vpc.self_link","google_compute_network.vpc"]},"description":"Self link of the VPC network"}},"resources":[{"address":"google_compute_firewall.allow_http","mode":"managed","type":"google_compute_firewall","name":"allow_http","provider_config_key":"google","expressions":{"allow":[{"ports":{"constant_value":["80"]},"protocol":{"constant_value":"tcp"}}],"direction":{"constant_value":"INGRESS"},"name":{"references":["var.vpc_name"]},"network":{"references":["google_compute_network.vpc.name","google_compute_network.vpc"]},"project":{"references":["var.project_id"]},"source_ranges":{"constant_value":["0.0.0.0/0"]},"target_tags":{"constant_value":["http-server"]}},"schema_version":1},{"address":"google_compute_firewall.allow_https","mode":"managed","type":"google_compute_firewall","name":"allow_https","provider_config_key":"google","expressions":{"allow":[{"ports":{"constant_value":["443"]},"protocol":{"constant_value":"tcp"}}],"direction":{"constant_value":"INGRESS"},"name":{"references":["var.vpc_name"]},"network":{"references":["google_compute_network.vpc.name","google_compute_network.vpc"]},"project":{"references":["var.project_id"]},"source_ranges":{"constant_value":["0.0.0.0/0"]},"target_tags":{"constant_value":["https-server"]}},"schema_version":1},{"address":"google_compute_network.vpc","mode":"managed","type":"google_compute_network","name":"vpc","provider_config_key":"google","expressions":{"auto_create_subnetworks":{"constant_value":false},"name":{"references":["var.vpc_name"]},"project":{"references":["var.project_id"]}},"schema_version":0},{"address":"google_compute_router.r","mode":"managed","type":"google_compute_router","name":"r","provider_config_key":"google","expressions":{"name":{"references":["var.vpc_name"]},"network":{"references":["google_compute_network.vpc.name","google_compute_network.vpc"]},"project":{"references":["var.project_id"]},"region":{"references":["var.region"]}},"schema_version":0,"count_expression":{"references":["var.enable_nat"]}},{"address":"google_compute_router_nat.nat","mode":"managed","type":"google_compute_router_nat","name":"nat","provider_config_key":"google","expressions":{"log_config":[{"enable":{"references":["var.nat_logging"]},"filter":{"references":["var.nat_logging"]}}],"name":{"references":["var.vpc_name"]},"nat_ip_allocate_option":{"constant_value":"AUTO_ONLY"},"project":{"references":["var.project_id"]},"region":{"references":["var.region"]},"router":{"references":["google_compute_router.r[0].name","google_compute_router.r[0]","google_compute_router.r"]},"source_subnetwork_ip_ranges_to_nat":{"constant_value":"ALL_SUBNETWORKS_ALL_IP_RANGES"}},"schema_version":0,"count_expression":{"references":["var.enable_nat"]}},{"address":"google_compute_subnetwork.subs","mode":"managed","type":"google_compute_subnetwork","name":"subs","provider_config_key":"google","expressions":{"ip_cidr_range":{"references":["each.value"]},"name":{"references":["var.vpc_name","each.key"]},"network":{"references":["google_compute_network.vpc.id","google_compute_network.vpc"]},"private_ip_google_access":{"constant_value":true},"project":{"references":["var.project_id"]},"purpose":{"constant_value":"PRIVATE"},"region":{"references":["var.region"]},"stack_type":{"constant_value":"IPV4_ONLY"}},"schema_version":0,"for_each_expression":{"references":["var.subnet_cidrs"]}}],"variables":{"enable_nat":{"default":false,"description":"Enable Cloud NAT"},"labels":{"default":{"owner":"sey","purpose":"lab","ttl":"24h"},"description":"Labels applied to networking resources"},"nat_logging":{"default":"ERRORS_ONLY","description":"Cloud NAT logging filter: NONE | ERRORS_ONLY | ALL"},"network_name":{},"project_id":{},"region":{"description":"The region to deploy resources"},"subnet_cidrs":{"description":"Map of subnet_name =\u003e CIDR (e.g., { primary = \"10.10.0.0/24\" })"},"subnets":{},"vpc_name":{"description":"The name of the VPC network"}}}},"storage":{"source":"../../modules/storage","expressions":{"buckets":{"references":["var.storage_buckets"]},"project_id":{"references":["var.project_id"]}},"module":{"resources":[{"address":"google_storage_bucket.bucket","mode":"managed","type":"google_storage_bucket","name":"bucket","provider_config_key":"google","expressions":{"location":{"references":["each.value.location","each.value"]},"name":{"references":["each.value.name","each.value"]},"project":{"references":["var.project_id"]},"uniform_bucket_level_access":{"constant_value":true},"versioning":[{"enabled":{"constant_value":false}}]},"schema_version":4,"for_each_expression":{"references":["var.buckets"]}}],"variables":{"buckets":{},"labels":{"default":{"owner":"sey","purpose":"lab","ttl":"24h"},"description":"Labels applied to networking resources"},"nat_logging":{"default":"ERRORS_ONLY","description":"Cloud NAT logging filter: NONE | ERRORS_ONLY | ALL"},"project_id":{}}}}},"variables":{"billing_account":{},"boot_image":{},"disk_size_gb":{},"disk_type":{},"e2_name":{},"enable_apis":{},"iam_bindings":{},"labels":{},"machine_type":{},"org_id":{},"project_id":{},"project_name":{},"region":{},"storage_buckets":{},"subnet_cidrs":{"description":"List of CIDR blocks for the subnets"},"subnets":{},"subnetwork":{},"tags":{"default":[]},"vpc_name":{},"workload_sa_email":{},"zone":{}}}},"relevant_attributes":[{"resource":"module.compute.google_compute_instance.vm","attribute":["name"]},{"resource":"module.networking.google_compute_subnetwork.subs","attribute":[]},{"resource":"module.compute.data.google_project.this","attribute":["number"]},{"resource":"module.compute.google_compute_instance.vm","attribute":["network_interface",0,"access_config",0,"nat_ip"]},{"resource":"module.networking.google_compute_network.vpc","attribute":["id"]},{"resource":"module.networking.google_compute_network.vpc","attribute":["name"]},{"resource":"module.networking.google_compute_network.vpc","attribute":["self_link"]}],"timestamp":"2025-09-08T17:43:01Z","applyable":true,"complete":true,"errored":false}
